
Microsoft Visual Studio Solution File, Format Version 11.00
# Visual Studio 2010
Project("{8BC9CEB8-8B4A-11D0-8D11-00A0C91BC942}") = "DNATHmi", "DNATHmi.vcxproj", "{CDE6C2D1-5977-4BB7-A035-95EB2B350F1A}"
EndProject
Global
	GlobalSection(SolutionConfigurationPlatforms) = preSolution
		Debug|Win32 = Debug|Win32
		Release|Win32 = Release|Win32
	EndGlobalSection
	GlobalSection(ProjectConfigurationPlatforms) = postSolution
		{CDE6C2D1-5977-4BB7-A035-95EB2B350F1A}.Debug|Win32.ActiveCfg = Debug|Win32
		{CDE6C2D1-5977-4BB7-A035-95EB2B350F1A}.Debug|Win32.Build.0 = Debug|Win32
		{CDE6C2D1-5977-4BB7-A035-95EB2B350F1A}.Release|Win32.ActiveCfg = Release|Win32
		{CDE6C2D1-5977-4BB7-A035-95EB2B350F1A}.Release|Win32.Build.0 = Release|Win32
	EndGlobalSection
	GlobalSection(SolutionProperties) = preSolution
		HideSolutionNode = FALSE
	EndGlobalSection
	GlobalSection(ExtensibilityGlobals) = postSolution
		QtVersion = 4.8.5
	EndGlobalSection
EndGlobal
